// !$*UTF8*$!
{
	archiveVersion = 1;
	classes = {
	};
	objectVersion = 46;
	objects = {

/* Begin PBXBuildFile section */
		82974CF01947ABB900409DC7 /* Foundation.framework in Frameworks */ = {isa = PBXBuildFile; fileRef = 82974CEF1947ABB900409DC7 /* Foundation.framework */; };
		82974CF21947ABB900409DC7 /* CoreGraphics.framework in Frameworks */ = {isa = PBXBuildFile; fileRef = 82974CF11947ABB900409DC7 /* CoreGraphics.framework */; };
		82974CF41947ABB900409DC7 /* UIKit.framework in Frameworks */ = {isa = PBXBuildFile; fileRef = 82974CF31947ABB900409DC7 /* UIKit.framework */; };
		82974CFA1947ABB900409DC7 /* InfoPlist.strings in Resources */ = {isa = PBXBuildFile; fileRef = 82974CF81947ABB900409DC7 /* InfoPlist.strings */; };
		82974CFC1947ABB900409DC7 /* main.m in Sources */ = {isa = PBXBuildFile; fileRef = 82974CFB1947ABB900409DC7 /* main.m */; };
		82974D001947ABB900409DC7 /* AppDelegate.m in Sources */ = {isa = PBXBuildFile; fileRef = 82974CFF1947ABB900409DC7 /* AppDelegate.m */; };
		82974D031947ABB900409DC7 /* Main.storyboard in Resources */ = {isa = PBXBuildFile; fileRef = 82974D011947ABB900409DC7 /* Main.storyboard */; };
		82974D061947ABB900409DC7 /* ViewController.m in Sources */ = {isa = PBXBuildFile; fileRef = 82974D051947ABB900409DC7 /* ViewController.m */; };
		82974D081947ABB900409DC7 /* Images.xcassets in Resources */ = {isa = PBXBuildFile; fileRef = 82974D071947ABB900409DC7 /* Images.xcassets */; };
		82974D0F1947ABB900409DC7 /* XCTest.framework in Frameworks */ = {isa = PBXBuildFile; fileRef = 82974D0E1947ABB900409DC7 /* XCTest.framework */; };
		82974D101947ABB900409DC7 /* Foundation.framework in Frameworks */ = {isa = PBXBuildFile; fileRef = 82974CEF1947ABB900409DC7 /* Foundation.framework */; };
		82974D111947ABB900409DC7 /* UIKit.framework in Frameworks */ = {isa = PBXBuildFile; fileRef = 82974CF31947ABB900409DC7 /* UIKit.framework */; };
		82974D191947ABB900409DC7 /* InfoPlist.strings in Resources */ = {isa = PBXBuildFile; fileRef = 82974D171947ABB900409DC7 /* InfoPlist.strings */; };
		82974D1B1947ABB900409DC7 /* xh_galleryOverlayTests.m in Sources */ = {isa = PBXBuildFile; fileRef = 82974D1A1947ABB900409DC7 /* xh_galleryOverlayTests.m */; };
/* End PBXBuildFile section */

/* Begin PBXContainerItemProxy section */
		82974D121947ABB900409DC7 /* PBXContainerItemProxy */ = {
			isa = PBXContainerItemProxy;
			containerPortal = 82974CE41947ABB900409DC7 /* Project object */;
			proxyType = 1;
			remoteGlobalIDString = 82974CEB1947ABB900409DC7;
			remoteInfo = xh_galleryOverlay;
		};
/* End PBXContainerItemProxy section */

/* Begin PBXFileReference section */
		82974CEC1947ABB900409DC7 /* xh_galleryOverlay.app */ = {isa = PBXFileReference; explicitFileType = wrapper.application; includeInIndex = 0; path = xh_galleryOverlay.app; sourceTree = BUILT_PRODUCTS_DIR; };
		82974CEF1947ABB900409DC7 /* Foundation.framework */ = {isa = PBXFileReference; lastKnownFileType = wrapper.framework; name = Foundation.framework; path = System/Library/Frameworks/Foundation.framework; sourceTree = SDKROOT; };
		82974CF11947ABB900409DC7 /* CoreGraphics.framework */ = {isa = PBXFileReference; lastKnownFileType = wrapper.framework; name = CoreGraphics.framework; path = System/Library/Frameworks/CoreGraphics.framework; sourceTree = SDKROOT; };
		82974CF31947ABB900409DC7 /* UIKit.framework */ = {isa = PBXFileReference; lastKnownFileType = wrapper.framework; name = UIKit.framework; path = System/Library/Frameworks/UIKit.framework; sourceTree = SDKROOT; };
		82974CF71947ABB900409DC7 /* xh_galleryOverlay-Info.plist */ = {isa = PBXFileReference; lastKnownFileType = text.plist.xml; path = "xh_galleryOverlay-Info.plist"; sourceTree = "<group>"; };
		82974CF91947ABB900409DC7 /* en */ = {isa = PBXFileReference; lastKnownFileType = text.plist.strings; name = en; path = en.lproj/InfoPlist.strings; sourceTree = "<group>"; };
		82974CFB1947ABB900409DC7 /* main.m */ = {isa = PBXFileReference; lastKnownFileType = sourcecode.c.objc; path = main.m; sourceTree = "<group>"; };
		82974CFD1947ABB900409DC7 /* xh_galleryOverlay-Prefix.pch */ = {isa = PBXFileReference; lastKnownFileType = sourcecode.c.h; path = "xh_galleryOverlay-Prefix.pch"; sourceTree = "<group>"; };
		82974CFE1947ABB900409DC7 /* AppDelegate.h */ = {isa = PBXFileReference; lastKnownFileType = sourcecode.c.h; path = AppDelegate.h; sourceTree = "<group>"; };
		82974CFF1947ABB900409DC7 /* AppDelegate.m */ = {isa = PBXFileReference; lastKnownFileType = sourcecode.c.objc; path = AppDelegate.m; sourceTree = "<group>"; };
		82974D021947ABB900409DC7 /* Base */ = {isa = PBXFileReference; lastKnownFileType = file.storyboard; name = Base; path = Base.lproj/Main.storyboard; sourceTree = "<group>"; };
		82974D041947ABB900409DC7 /* ViewController.h */ = {isa = PBXFileReference; lastKnownFileType = sourcecode.c.h; path = ViewController.h; sourceTree = "<group>"; };
		82974D051947ABB900409DC7 /* ViewController.m */ = {isa = PBXFileReference; lastKnownFileType = sourcecode.c.objc; path = ViewController.m; sourceTree = "<group>"; };
		82974D071947ABB900409DC7 /* Images.xcassets */ = {isa = PBXFileReference; lastKnownFileType = folder.assetcatalog; path = Images.xcassets; sourceTree = "<group>"; };
		82974D0D1947ABB900409DC7 /* xh_galleryOverlayTests.xctest */ = {isa = PBXFileReference; explicitFileType = wrapper.cfbundle; includeInIndex = 0; path = xh_galleryOverlayTests.xctest; sourceTree = BUILT_PRODUCTS_DIR; };
		82974D0E1947ABB900409DC7 /* XCTest.framework */ = {isa = PBXFileReference; lastKnownFileType = wrapper.framework; name = XCTest.framework; path = Library/Frameworks/XCTest.framework; sourceTree = DEVELOPER_DIR; };
		82974D161947ABB900409DC7 /* xh_galleryOverlayTests-Info.plist */ = {isa = PBXFileReference; lastKnownFileType = text.plist.xml; path = "xh_galleryOverlayTests-Info.plist"; sourceTree = "<group>"; };
		82974D181947ABB900409DC7 /* en */ = {isa = PBXFileReference; lastKnownFileType = text.plist.strings; name = en; path = en.lproj/InfoPlist.strings; sourceTree = "<group>"; };
		82974D1A1947ABB900409DC7 /* xh_galleryOverlayTests.m */ = {isa = PBXFileReference; lastKnownFileType = sourcecode.c.objc; path = xh_galleryOverlayTests.m; sourceTree = "<group>"; };
/* End PBXFileReference section */

/* Begin PBXFrameworksBuildPhase section */
		82974CE91947ABB900409DC7 /* Frameworks */ = {
			isa = PBXFrameworksBuildPhase;
			buildActionMask = 2147483647;
			files = (
				82974CF21947ABB900409DC7 /* CoreGraphics.framework in Frameworks */,
				82974CF41947ABB900409DC7 /* UIKit.framework in Frameworks */,
				82974CF01947ABB900409DC7 /* Foundation.framework in Frameworks */,
			);
			runOnlyForDeploymentPostprocessing = 0;
		};
		82974D0A1947ABB900409DC7 /* Frameworks */ = {
			isa = PBXFrameworksBuildPhase;
			buildActionMask = 2147483647;
			files = (
				82974D0F1947ABB900409DC7 /* XCTest.framework in Frameworks */,
				82974D111947ABB900409DC7 /* UIKit.framework in Frameworks */,
				82974D101947ABB900409DC7 /* Foundation.framework in Frameworks */,
			);
			runOnlyForDeploymentPostprocessing = 0;
		};
/* End PBXFrameworksBuildPhase section */

/* Begin PBXGroup section */
		82974CE31947ABB900409DC7 = {
			isa = PBXGroup;
			children = (
				82974CF51947ABB900409DC7 /* xh_galleryOverlay */,
				82974D141947ABB900409DC7 /* xh_galleryOverlayTests */,
				82974CEE1947ABB900409DC7 /* Frameworks */,
				82974CED1947ABB900409DC7 /* Products */,
			);
			sourceTree = "<group>";
		};
		82974CED1947ABB900409DC7 /* Products */ = {
			isa = PBXGroup;
			children = (
				82974CEC1947ABB900409DC7 /* xh_galleryOverlay.app */,
				82974D0D1947ABB900409DC7 /* xh_galleryOverlayTests.xctest */,
			);
			name = Products;
			sourceTree = "<group>";
		};
		82974CEE1947ABB900409DC7 /* Frameworks */ = {
			isa = PBXGroup;
			children = (
				82974CEF1947ABB900409DC7 /* Foundation.framework */,
				82974CF11947ABB900409DC7 /* CoreGraphics.framework */,
				82974CF31947ABB900409DC7 /* UIKit.framework */,
				82974D0E1947ABB900409DC7 /* XCTest.framework */,
			);
			name = Frameworks;
			sourceTree = "<group>";
		};
		82974CF51947ABB900409DC7 /* xh_galleryOverlay */ = {
			isa = PBXGroup;
			children = (
				82974CFE1947ABB900409DC7 /* AppDelegate.h */,
				82974CFF1947ABB900409DC7 /* AppDelegate.m */,
				82974D011947ABB900409DC7 /* Main.storyboard */,
				82974D041947ABB900409DC7 /* ViewController.h */,
				82974D051947ABB900409DC7 /* ViewController.m */,
				82974D071947ABB900409DC7 /* Images.xcassets */,
				82974CF61947ABB900409DC7 /* Supporting Files */,
			);
			path = xh_galleryOverlay;
			sourceTree = "<group>";
		};
		82974CF61947ABB900409DC7 /* Supporting Files */ = {
			isa = PBXGroup;
			children = (
				82974CF71947ABB900409DC7 /* xh_galleryOverlay-Info.plist */,
				82974CF81947ABB900409DC7 /* InfoPlist.strings */,
				82974CFB1947ABB900409DC7 /* main.m */,
				82974CFD1947ABB900409DC7 /* xh_galleryOverlay-Prefix.pch */,
			);
			name = "Supporting Files";
			sourceTree = "<group>";
		};
		82974D141947ABB900409DC7 /* xh_galleryOverlayTests */ = {
			isa = PBXGroup;
			children = (
				82974D1A1947ABB900409DC7 /* xh_galleryOverlayTests.m */,
				82974D151947ABB900409DC7 /* Supporting Files */,
			);
			path = xh_galleryOverlayTests;
			sourceTree = "<group>";
		};
		82974D151947ABB900409DC7 /* Supporting Files */ = {
			isa = PBXGroup;
			children = (
				82974D161947ABB900409DC7 /* xh_galleryOverlayTests-Info.plist */,
				82974D171947ABB900409DC7 /* InfoPlist.strings */,
			);
			name = "Supporting Files";
			sourceTree = "<group>";
		};
/* End PBXGroup section */

/* Begin PBXNativeTarget section */
		82974CEB1947ABB900409DC7 /* xh_galleryOverlay */ = {
			isa = PBXNativeTarget;
			buildConfigurationList = 82974D1E1947ABB900409DC7 /* Build configuration list for PBXNativeTarget "xh_galleryOverlay" */;
			buildPhases = (
				82974CE81947ABB900409DC7 /* Sources */,
				82974CE91947ABB900409DC7 /* Frameworks */,
				82974CEA1947ABB900409DC7 /* Resources */,
			);
			buildRules = (
			);
			dependencies = (
			);
			name = xh_galleryOverlay;
			productName = xh_galleryOverlay;
			productReference = 82974CEC1947ABB900409DC7 /* xh_galleryOverlay.app */;
			productType = "com.apple.product-type.application";
		};
		82974D0C1947ABB900409DC7 /* xh_galleryOverlayTests */ = {
			isa = PBXNativeTarget;
			buildConfigurationList = 82974D211947ABB900409DC7 /* Build configuration list for PBXNativeTarget "xh_galleryOverlayTests" */;
			buildPhases = (
				82974D091947ABB900409DC7 /* Sources */,
				82974D0A1947ABB900409DC7 /* Frameworks */,
				82974D0B1947ABB900409DC7 /* Resources */,
			);
			buildRules = (
			);
			dependencies = (
				82974D131947ABB900409DC7 /* PBXTargetDependency */,
			);
			name = xh_galleryOverlayTests;
			productName = xh_galleryOverlayTests;
			productReference = 82974D0D1947ABB900409DC7 /* xh_galleryOverlayTests.xctest */;
			productType = "com.apple.product-type.bundle.unit-test";
		};
/* End PBXNativeTarget section */

/* Begin PBXProject section */
		82974CE41947ABB900409DC7 /* Project object */ = {
			isa = PBXProject;
			attributes = {
				LastUpgradeCheck = 0510;
				ORGANIZATIONNAME = Neoscape;
				TargetAttributes = {
					82974D0C1947ABB900409DC7 = {
						TestTargetID = 82974CEB1947ABB900409DC7;
					};
				};
			};
			buildConfigurationList = 82974CE71947ABB900409DC7 /* Build configuration list for PBXProject "xh_galleryOverlay" */;
			compatibilityVersion = "Xcode 3.2";
			developmentRegion = English;
			hasScannedForEncodings = 0;
			knownRegions = (
				en,
				Base,
			);
			mainGroup = 82974CE31947ABB900409DC7;
			productRefGroup = 82974CED1947ABB900409DC7 /* Products */;
			projectDirPath = "";
			projectRoot = "";
			targets = (
				82974CEB1947ABB900409DC7 /* xh_galleryOverlay */,
				82974D0C1947ABB900409DC7 /* xh_galleryOverlayTests */,
			);
		};
/* End PBXProject section */

/* Begin PBXResourcesBuildPhase section */
		82974CEA1947ABB900409DC7 /* Resources */ = {
			isa = PBXResourcesBuildPhase;
			buildActionMask = 2147483647;
			files = (
				82974D081947ABB900409DC7 /* Images.xcassets in Resources */,
				82974CFA1947ABB900409DC7 /* InfoPlist.strings in Resources */,
				82974D031947ABB900409DC7 /* Main.storyboard in Resources */,
			);
			runOnlyForDeploymentPostprocessing = 0;
		};
		82974D0B1947ABB900409DC7 /* Resources */ = {
			isa = PBXResourcesBuildPhase;
			buildActionMask = 2147483647;
			files = (
				82974D191947ABB900409DC7 /* InfoPlist.strings in Resources */,
			);
			runOnlyForDeploymentPostprocessing = 0;
		};
/* End PBXResourcesBuildPhase section */

/* Begin PBXSourcesBuildPhase section */
		82974CE81947ABB900409DC7 /* Sources */ = {
			isa = PBXSourcesBuildPhase;
			buildActionMask = 2147483647;
			files = (
				82974D061947ABB900409DC7 /* ViewController.m in Sources */,
				82974D001947ABB900409DC7 /* AppDelegate.m in Sources */,
				82974CFC1947ABB900409DC7 /* main.m in Sources */,
			);
			runOnlyForDeploymentPostprocessing = 0;
		};
		82974D091947ABB900409DC7 /* Sources */ = {
			isa = PBXSourcesBuildPhase;
			buildActionMask = 2147483647;
			files = (
				82974D1B1947ABB900409DC7 /* xh_galleryOverlayTests.m in Sources */,
			);
			runOnlyForDeploymentPostprocessing = 0;
		};
/* End PBXSourcesBuildPhase section */

/* Begin PBXTargetDependency section */
		82974D131947ABB900409DC7 /* PBXTargetDependency */ = {
			isa = PBXTargetDependency;
			target = 82974CEB1947ABB900409DC7 /* xh_galleryOverlay */;
			targetProxy = 82974D121947ABB900409DC7 /* PBXContainerItemProxy */;
		};
/* End PBXTargetDependency section */

/* Begin PBXVariantGroup section */
		82974CF81947ABB900409DC7 /* InfoPlist.strings */ = {
			isa = PBXVariantGroup;
			children = (
				82974CF91947ABB900409DC7 /* en */,
			);
			name = InfoPlist.strings;
			sourceTree = "<group>";
		};
		82974D011947ABB900409DC7 /* Main.storyboard */ = {
			isa = PBXVariantGroup;
			children = (
				82974D021947ABB900409DC7 /* Base */,
			);
			name = Main.storyboard;
			sourceTree = "<group>";
		};
		82974D171947ABB900409DC7 /* InfoPlist.strings */ = {
			isa = PBXVariantGroup;
			children = (
				82974D181947ABB900409DC7 /* en */,
			);
			name = InfoPlist.strings;
			sourceTree = "<group>";
		};
/* End PBXVariantGroup section */

/* Begin XCBuildConfiguration section */
		82974D1C1947ABB900409DC7 /* Debug */ = {
			isa = XCBuildConfiguration;
			buildSettings = {
				ALWAYS_SEARCH_USER_PATHS = NO;
				CLANG_CXX_LANGUAGE_STANDARD = "gnu++0x";
				CLANG_CXX_LIBRARY = "libc++";
				CLANG_ENABLE_MODULES = YES;
				CLANG_ENABLE_OBJC_ARC = YES;
				CLANG_WARN_BOOL_CONVERSION = YES;
				CLANG_WARN_CONSTANT_CONVERSION = YES;
				CLANG_WARN_DIRECT_OBJC_ISA_USAGE = YES_ERROR;
				CLANG_WARN_EMPTY_BODY = YES;
				CLANG_WARN_ENUM_CONVERSION = YES;
				CLANG_WARN_INT_CONVERSION = YES;
				CLANG_WARN_OBJC_ROOT_CLASS = YES_ERROR;
				CLANG_WARN__DUPLICATE_METHOD_MATCH = YES;
				"CODE_SIGN_IDENTITY[sdk=iphoneos*]" = "iPhone Developer";
				COPY_PHASE_STRIP = NO;
				GCC_C_LANGUAGE_STANDARD = gnu99;
				GCC_DYNAMIC_NO_PIC = NO;
				GCC_OPTIMIZATION_LEVEL = 0;
				GCC_PREPROCESSOR_DEFINITIONS = (
					"DEBUG=1",
					"$(inherited)",
				);
				GCC_SYMBOLS_PRIVATE_EXTERN = NO;
				GCC_WARN_64_TO_32_BIT_CONVERSION = YES;
				GCC_WARN_ABOUT_RETURN_TYPE = YES_ERROR;
				GCC_WARN_UNDECLARED_SELECTOR = YES;
				GCC_WARN_UNINITIALIZED_AUTOS = YES_AGGRESSIVE;
				GCC_WARN_UNUSED_FUNCTION = YES;
				GCC_WARN_UNUSED_VARIABLE = YES;
				IPHONEOS_DEPLOYMENT_TARGET = 7.1;
				ONLY_ACTIVE_ARCH = YES;
				SDKROOT = iphoneos;
				TARGETED_DEVICE_FAMILY = 2;
			};
			name = Debug;
		};
		82974D1D1947ABB900409DC7 /* Release */ = {
			isa = XCBuildConfiguration;
			buildSettings = {
				ALWAYS_SEARCH_USER_PATHS = NO;
				CLANG_CXX_LANGUAGE_STANDARD = "gnu++0x";
				CLANG_CXX_LIBRARY = "libc++";
				CLANG_ENABLE_MODULES = YES;
				CLANG_ENABLE_OBJC_ARC = YES;
				CLANG_WARN_BOOL_CONVERSION = YES;
				CLANG_WARN_CONSTANT_CONVERSION = YES;
				CLANG_WARN_DIRECT_OBJC_ISA_USAGE = YES_ERROR;
				CLANG_WARN_EMPTY_BODY = YES;
				CLANG_WARN_ENUM_CONVERSION = YES;
				CLANG_WARN_INT_CONVERSION = YES;
				CLANG_WARN_OBJC_ROOT_CLASS = YES_ERROR;
				CLANG_WARN__DUPLICATE_METHOD_MATCH = YES;
				"CODE_SIGN_IDENTITY[sdk=iphoneos*]" = "iPhone Developer";
				COPY_PHASE_STRIP = YES;
				ENABLE_NS_ASSERTIONS = NO;
				GCC_C_LANGUAGE_STANDARD = gnu99;
				GCC_WARN_64_TO_32_BIT_CONVERSION = YES;
				GCC_WARN_ABOUT_RETURN_TYPE = YES_ERROR;
				GCC_WARN_UNDECLARED_SELECTOR = YES;
				GCC_WARN_UNINITIALIZED_AUTOS = YES_AGGRESSIVE;
				GCC_WARN_UNUSED_FUNCTION = YES;
				GCC_WARN_UNUSED_VARIABLE = YES;
				IPHONEOS_DEPLOYMENT_TARGET = 7.1;
				SDKROOT = iphoneos;
				TARGETED_DEVICE_FAMILY = 2;
				VALIDATE_PRODUCT = YES;
			};
			name = Release;
		};
		82974D1F1947ABB900409DC7 /* Debug */ = {
			isa = XCBuildConfiguration;
			buildSettings = {
				ASSETCATALOG_COMPILER_APPICON_NAME = AppIcon;
				ASSETCATALOG_COMPILER_LAUNCHIMAGE_NAME = LaunchImage;
				GCC_PRECOMPILE_PREFIX_HEADER = YES;
				GCC_PREFIX_HEADER = "xh_galleryOverlay/xh_galleryOverlay-Prefix.pch";
				INFOPLIST_FILE = "xh_galleryOverlay/xh_galleryOverlay-Info.plist";
				PRODUCT_NAME = "$(TARGET_NAME)";
				WRAPPER_EXTENSION = app;
			};
			name = Debug;
		};
		82974D201947ABB900409DC7 /* Release */ = {
			isa = XCBuildConfiguration;
			buildSettings = {
				ASSETCATALOG_COMPILER_APPICON_NAME = AppIcon;
				ASSETCATALOG_COMPILER_LAUNCHIMAGE_NAME = LaunchImage;
				GCC_PRECOMPILE_PREFIX_HEADER = YES;
				GCC_PREFIX_HEADER = "xh_galleryOverlay/xh_galleryOverlay-Prefix.pch";
				INFOPLIST_FILE = "xh_galleryOverlay/xh_galleryOverlay-Info.plist";
				PRODUCT_NAME = "$(TARGET_NAME)";
				WRAPPER_EXTENSION = app;
			};
			name = Release;
		};
		82974D221947ABB900409DC7 /* Debug */ = {
			isa = XCBuildConfiguration;
			buildSettings = {
				BUNDLE_LOADER = "$(BUILT_PRODUCTS_DIR)/xh_galleryOverlay.app/xh_galleryOverlay";
				FRAMEWORK_SEARCH_PATHS = (
					"$(SDKROOT)/Developer/Library/Frameworks",
					"$(inherited)",
					"$(DEVELOPER_FRAMEWORKS_DIR)",
				);
				GCC_PRECOMPILE_PREFIX_HEADER = YES;
				GCC_PREFIX_HEADER = "xh_galleryOverlay/xh_galleryOverlay-Prefix.pch";
				GCC_PREPROCESSOR_DEFINITIONS = (
					"DEBUG=1",
					"$(inherited)",
				);
				INFOPLIST_FILE = "xh_galleryOverlayTests/xh_galleryOverlayTests-Info.plist";
				PRODUCT_NAME = "$(TARGET_NAME)";
				TEST_HOST = "$(BUNDLE_LOADER)";
				WRAPPER_EXTENSION = xctest;
			};
			name = Debug;
		};
		82974D231947ABB900409DC7 /* Release */ = {
			isa = XCBuildConfiguration;
			buildSettings = {
				BUNDLE_LOADER = "$(BUILT_PRODUCTS_DIR)/xh_galleryOverlay.app/xh_galleryOverlay";
				FRAMEWORK_SEARCH_PATHS = (
					"$(SDKROOT)/Developer/Library/Frameworks",
					"$(inherited)",
					"$(DEVELOPER_FRAMEWORKS_DIR)",
				);
				GCC_PRECOMPILE_PREFIX_HEADER = YES;
				GCC_PREFIX_HEADER = "xh_galleryOverlay/xh_galleryOverlay-Prefix.pch";
				INFOPLIST_FILE = "xh_galleryOverlayTests/xh_galleryOverlayTests-Info.plist";
				PRODUCT_NAME = "$(TARGET_NAME)";
				TEST_HOST = "$(BUNDLE_LOADER)";
				WRAPPER_EXTENSION = xctest;
			};
			name = Release;
		};
/* End XCBuildConfiguration section */

/* Begin XCConfigurationList section */
		82974CE71947ABB900409DC7 /* Build configuration list for PBXProject "xh_galleryOverlay" */ = {
			isa = XCConfigurationList;
			buildConfigurations = (
				82974D1C1947ABB900409DC7 /* Debug */,
				82974D1D1947ABB900409DC7 /* Release */,
			);
			defaultConfigurationIsVisible = 0;
			defaultConfigurationName = Release;
		};
		82974D1E1947ABB900409DC7 /* Build configuration list for PBXNativeTarget "xh_galleryOverlay" */ = {
			isa = XCConfigurationList;
			buildConfigurations = (
				82974D1F1947ABB900409DC7 /* Debug */,
				82974D201947ABB900409DC7 /* Release */,
			);
			defaultConfigurationIsVisible = 0;
		};
		82974D211947ABB900409DC7 /* Build configuration list for PBXNativeTarget "xh_galleryOverlayTests" */ = {
			isa = XCConfigurationList;
			buildConfigurations = (
				82974D221947ABB900409DC7 /* Debug */,
				82974D231947ABB900409DC7 /* Release */,
			);
			defaultConfigurationIsVisible = 0;
		};
/* End XCConfigurationList section */
	};
	rootObject = 82974CE41947ABB900409DC7 /* Project object */;
}
